// !$*UTF8*$!
{
	archiveVersion = 1;
	classes = {
	};
	objectVersion = 46;
	objects = {

/* Begin PBXBuildFile section */
		40EC20C91F083E9A001B55DA /* AppDelegate.swift in Sources */ = {isa = PBXBuildFile; fileRef = 40EC20C81F083E9A001B55DA /* AppDelegate.swift */; };
		40EC20CB1F083E9A001B55DA /* ViewController.swift in Sources */ = {isa = PBXBuildFile; fileRef = 40EC20CA1F083E9A001B55DA /* ViewController.swift */; };
		40EC20CE1F083E9A001B55DA /* Main.storyboard in Resources */ = {isa = PBXBuildFile; fileRef = 40EC20CC1F083E9A001B55DA /* Main.storyboard */; };
		40EC20D01F083E9A001B55DA /* Assets.xcassets in Resources */ = {isa = PBXBuildFile; fileRef = 40EC20CF1F083E9A001B55DA /* Assets.xcassets */; };
		40EC20D31F083E9A001B55DA /* LaunchScreen.storyboard in Resources */ = {isa = PBXBuildFile; fileRef = 40EC20D11F083E9A001B55DA /* LaunchScreen.storyboard */; };
		40EC20DE1F083E9A001B55DA /* SharkTankAppTests.swift in Sources */ = {isa = PBXBuildFile; fileRef = 40EC20DD1F083E9A001B55DA /* SharkTankAppTests.swift */; };
		40EC20E91F083E9A001B55DA /* SharkTankAppUITests.swift in Sources */ = {isa = PBXBuildFile; fileRef = 40EC20E81F083E9A001B55DA /* SharkTankAppUITests.swift */; };
/* End PBXBuildFile section */

/* Begin PBXContainerItemProxy section */
		40EC20DA1F083E9A001B55DA /* PBXContainerItemProxy */ = {
			isa = PBXContainerItemProxy;
			containerPortal = 40EC20BD1F083E9A001B55DA /* Project object */;
			proxyType = 1;
			remoteGlobalIDString = 40EC20C41F083E9A001B55DA;
			remoteInfo = SharkTankApp;
		};
		40EC20E51F083E9A001B55DA /* PBXContainerItemProxy */ = {
			isa = PBXContainerItemProxy;
			containerPortal = 40EC20BD1F083E9A001B55DA /* Project object */;
			proxyType = 1;
			remoteGlobalIDString = 40EC20C41F083E9A001B55DA;
			remoteInfo = SharkTankApp;
		};
/* End PBXContainerItemProxy section */

/* Begin PBXFileReference section */
		40EC20C51F083E9A001B55DA /* SharkTankApp.app */ = {isa = PBXFileReference; explicitFileType = wrapper.application; includeInIndex = 0; path = SharkTankApp.app; sourceTree = BUILT_PRODUCTS_DIR; };
		40EC20C81F083E9A001B55DA /* AppDelegate.swift */ = {isa = PBXFileReference; lastKnownFileType = sourcecode.swift; path = AppDelegate.swift; sourceTree = "<group>"; };
		40EC20CA1F083E9A001B55DA /* ViewController.swift */ = {isa = PBXFileReference; lastKnownFileType = sourcecode.swift; path = ViewController.swift; sourceTree = "<group>"; };
		40EC20CD1F083E9A001B55DA /* Base */ = {isa = PBXFileReference; lastKnownFileType = file.storyboard; name = Base; path = Base.lproj/Main.storyboard; sourceTree = "<group>"; };
		40EC20CF1F083E9A001B55DA /* Assets.xcassets */ = {isa = PBXFileReference; lastKnownFileType = folder.assetcatalog; path = Assets.xcassets; sourceTree = "<group>"; };
		40EC20D21F083E9A001B55DA /* Base */ = {isa = PBXFileReference; lastKnownFileType = file.storyboard; name = Base; path = Base.lproj/LaunchScreen.storyboard; sourceTree = "<group>"; };
		40EC20D41F083E9A001B55DA /* Info.plist */ = {isa = PBXFileReference; lastKnownFileType = text.plist.xml; path = Info.plist; sourceTree = "<group>"; };
		40EC20D91F083E9A001B55DA /* SharkTankAppTests.xctest */ = {isa = PBXFileReference; explicitFileType = wrapper.cfbundle; includeInIndex = 0; path = SharkTankAppTests.xctest; sourceTree = BUILT_PRODUCTS_DIR; };
		40EC20DD1F083E9A001B55DA /* SharkTankAppTests.swift */ = {isa = PBXFileReference; lastKnownFileType = sourcecode.swift; path = SharkTankAppTests.swift; sourceTree = "<group>"; };
		40EC20DF1F083E9A001B55DA /* Info.plist */ = {isa = PBXFileReference; lastKnownFileType = text.plist.xml; path = Info.plist; sourceTree = "<group>"; };
		40EC20E41F083E9A001B55DA /* SharkTankAppUITests.xctest */ = {isa = PBXFileReference; explicitFileType = wrapper.cfbundle; includeInIndex = 0; path = SharkTankAppUITests.xctest; sourceTree = BUILT_PRODUCTS_DIR; };
		40EC20E81F083E9A001B55DA /* SharkTankAppUITests.swift */ = {isa = PBXFileReference; lastKnownFileType = sourcecode.swift; path = SharkTankAppUITests.swift; sourceTree = "<group>"; };
		40EC20EA1F083E9A001B55DA /* Info.plist */ = {isa = PBXFileReference; lastKnownFileType = text.plist.xml; path = Info.plist; sourceTree = "<group>"; };
/* End PBXFileReference section */

/* Begin PBXFrameworksBuildPhase section */
		40EC20C21F083E9A001B55DA /* Frameworks */ = {
			isa = PBXFrameworksBuildPhase;
			buildActionMask = 2147483647;
			files = (
			);
			runOnlyForDeploymentPostprocessing = 0;
		};
		40EC20D61F083E9A001B55DA /* Frameworks */ = {
			isa = PBXFrameworksBuildPhase;
			buildActionMask = 2147483647;
			files = (
			);
			runOnlyForDeploymentPostprocessing = 0;
		};
		40EC20E11F083E9A001B55DA /* Frameworks */ = {
			isa = PBXFrameworksBuildPhase;
			buildActionMask = 2147483647;
			files = (
			);
			runOnlyForDeploymentPostprocessing = 0;
		};
/* End PBXFrameworksBuildPhase section */

/* Begin PBXGroup section */
		40EC20BC1F083E9A001B55DA = {
			isa = PBXGroup;
			children = (
				40EC20C71F083E9A001B55DA /* SharkTankApp */,
				40EC20DC1F083E9A001B55DA /* SharkTankAppTests */,
				40EC20E71F083E9A001B55DA /* SharkTankAppUITests */,
				40EC20C61F083E9A001B55DA /* Products */,
			);
			sourceTree = "<group>";
		};
		40EC20C61F083E9A001B55DA /* Products */ = {
			isa = PBXGroup;
			children = (
				40EC20C51F083E9A001B55DA /* SharkTankApp.app */,
				40EC20D91F083E9A001B55DA /* SharkTankAppTests.xctest */,
				40EC20E41F083E9A001B55DA /* SharkTankAppUITests.xctest */,
			);
			name = Products;
			sourceTree = "<group>";
		};
		40EC20C71F083E9A001B55DA /* SharkTankApp */ = {
			isa = PBXGroup;
			children = (
				40EC20C81F083E9A001B55DA /* AppDelegate.swift */,
				40EC20CA1F083E9A001B55DA /* ViewController.swift */,
				40EC20CC1F083E9A001B55DA /* Main.storyboard */,
				40EC20CF1F083E9A001B55DA /* Assets.xcassets */,
				40EC20D11F083E9A001B55DA /* LaunchScreen.storyboard */,
				40EC20D41F083E9A001B55DA /* Info.plist */,
			);
			path = SharkTankApp;
			sourceTree = "<group>";
		};
		40EC20DC1F083E9A001B55DA /* SharkTankAppTests */ = {
			isa = PBXGroup;
			children = (
				40EC20DD1F083E9A001B55DA /* SharkTankAppTests.swift */,
				40EC20DF1F083E9A001B55DA /* Info.plist */,
			);
			path = SharkTankAppTests;
			sourceTree = "<group>";
		};
		40EC20E71F083E9A001B55DA /* SharkTankAppUITests */ = {
			isa = PBXGroup;
			children = (
				40EC20E81F083E9A001B55DA /* SharkTankAppUITests.swift */,
				40EC20EA1F083E9A001B55DA /* Info.plist */,
			);
			path = SharkTankAppUITests;
			sourceTree = "<group>";
		};
/* End PBXGroup section */

/* Begin PBXNativeTarget section */
		40EC20C41F083E9A001B55DA /* SharkTankApp */ = {
			isa = PBXNativeTarget;
			buildConfigurationList = 40EC20ED1F083E9A001B55DA /* Build configuration list for PBXNativeTarget "SharkTankApp" */;
			buildPhases = (
				40EC20C11F083E9A001B55DA /* Sources */,
				40EC20C21F083E9A001B55DA /* Frameworks */,
				40EC20C31F083E9A001B55DA /* Resources */,
			);
			buildRules = (
			);
			dependencies = (
			);
			name = SharkTankApp;
			productName = SharkTankApp;
			productReference = 40EC20C51F083E9A001B55DA /* SharkTankApp.app */;
			productType = "com.apple.product-type.application";
		};
		40EC20D81F083E9A001B55DA /* SharkTankAppTests */ = {
			isa = PBXNativeTarget;
			buildConfigurationList = 40EC20F01F083E9A001B55DA /* Build configuration list for PBXNativeTarget "SharkTankAppTests" */;
			buildPhases = (
				40EC20D51F083E9A001B55DA /* Sources */,
				40EC20D61F083E9A001B55DA /* Frameworks */,
				40EC20D71F083E9A001B55DA /* Resources */,
			);
			buildRules = (
			);
			dependencies = (
				40EC20DB1F083E9A001B55DA /* PBXTargetDependency */,
			);
			name = SharkTankAppTests;
			productName = SharkTankAppTests;
			productReference = 40EC20D91F083E9A001B55DA /* SharkTankAppTests.xctest */;
			productType = "com.apple.product-type.bundle.unit-test";
		};
		40EC20E31F083E9A001B55DA /* SharkTankAppUITests */ = {
			isa = PBXNativeTarget;
			buildConfigurationList = 40EC20F31F083E9A001B55DA /* Build configuration list for PBXNativeTarget "SharkTankAppUITests" */;
			buildPhases = (
				40EC20E01F083E9A001B55DA /* Sources */,
				40EC20E11F083E9A001B55DA /* Frameworks */,
				40EC20E21F083E9A001B55DA /* Resources */,
			);
			buildRules = (
			);
			dependencies = (
				40EC20E61F083E9A001B55DA /* PBXTargetDependency */,
			);
			name = SharkTankAppUITests;
			productName = SharkTankAppUITests;
			productReference = 40EC20E41F083E9A001B55DA /* SharkTankAppUITests.xctest */;
			productType = "com.apple.product-type.bundle.ui-testing";
		};
/* End PBXNativeTarget section */

/* Begin PBXProject section */
		40EC20BD1F083E9A001B55DA /* Project object */ = {
			isa = PBXProject;
			attributes = {
				LastSwiftUpdateCheck = 0830;
				LastUpgradeCheck = 0830;
				ORGANIZATIONNAME = "Brian Rouse";
				TargetAttributes = {
					40EC20C41F083E9A001B55DA = {
						CreatedOnToolsVersion = 8.3.3;
						DevelopmentTeam = V4Y5L9JJ7W;
						ProvisioningStyle = Automatic;
					};
					40EC20D81F083E9A001B55DA = {
						CreatedOnToolsVersion = 8.3.3;
						ProvisioningStyle = Automatic;
						TestTargetID = 40EC20C41F083E9A001B55DA;
					};
					40EC20E31F083E9A001B55DA = {
						CreatedOnToolsVersion = 8.3.3;
						ProvisioningStyle = Automatic;
						TestTargetID = 40EC20C41F083E9A001B55DA;
					};
				};
			};
			buildConfigurationList = 40EC20C01F083E9A001B55DA /* Build configuration list for PBXProject "SharkTankApp" */;
			compatibilityVersion = "Xcode 3.2";
			developmentRegion = English;
			hasScannedForEncodings = 0;
			knownRegions = (
				en,
				Base,
			);
			mainGroup = 40EC20BC1F083E9A001B55DA;
			productRefGroup = 40EC20C61F083E9A001B55DA /* Products */;
			projectDirPath = "";
			projectRoot = "";
			targets = (
				40EC20C41F083E9A001B55DA /* SharkTankApp */,
				40EC20D81F083E9A001B55DA /* SharkTankAppTests */,
				40EC20E31F083E9A001B55DA /* SharkTankAppUITests */,
			);
		};
/* End PBXProject section */

/* Begin PBXResourcesBuildPhase section */
		40EC20C31F083E9A001B55DA /* Resources */ = {
			isa = PBXResourcesBuildPhase;
			buildActionMask = 2147483647;
			files = (
				40EC20D31F083E9A001B55DA /* LaunchScreen.storyboard in Resources */,
				40EC20D01F083E9A001B55DA /* Assets.xcassets in Resources */,
				40EC20CE1F083E9A001B55DA /* Main.storyboard in Resources */,
			);
			runOnlyForDeploymentPostprocessing = 0;
		};
		40EC20D71F083E9A001B55DA /* Resources */ = {
			isa = PBXResourcesBuildPhase;
			buildActionMask = 2147483647;
			files = (
			);
			runOnlyForDeploymentPostprocessing = 0;
		};
		40EC20E21F083E9A001B55DA /* Resources */ = {
			isa = PBXResourcesBuildPhase;
			buildActionMask = 2147483647;
			files = (
			);
			runOnlyForDeploymentPostprocessing = 0;
		};
/* End PBXResourcesBuildPhase section */

/* Begin PBXSourcesBuildPhase section */
		40EC20C11F083E9A001B55DA /* Sources */ = {
			isa = PBXSourcesBuildPhase;
			buildActionMask = 2147483647;
			files = (
				40EC20CB1F083E9A001B55DA /* ViewController.swift in Sources */,
				40EC20C91F083E9A001B55DA /* AppDelegate.swift in Sources */,
			);
			runOnlyForDeploymentPostprocessing = 0;
		};
		40EC20D51F083E9A001B55DA /* Sources */ = {
			isa = PBXSourcesBuildPhase;
			buildActionMask = 2147483647;
			files = (
				40EC20DE1F083E9A001B55DA /* SharkTankAppTests.swift in Sources */,
			);
			runOnlyForDeploymentPostprocessing = 0;
		};
		40EC20E01F083E9A001B55DA /* Sources */ = {
			isa = PBXSourcesBuildPhase;
			buildActionMask = 2147483647;
			files = (
				40EC20E91F083E9A001B55DA /* SharkTankAppUITests.swift in Sources */,
			);
			runOnlyForDeploymentPostprocessing = 0;
		};
/* End PBXSourcesBuildPhase section */

/* Begin PBXTargetDependency section */
		40EC20DB1F083E9A001B55DA /* PBXTargetDependency */ = {
			isa = PBXTargetDependency;
			target = 40EC20C41F083E9A001B55DA /* SharkTankApp */;
			targetProxy = 40EC20DA1F083E9A001B55DA /* PBXContainerItemProxy */;
		};
		40EC20E61F083E9A001B55DA /* PBXTargetDependency */ = {
			isa = PBXTargetDependency;
			target = 40EC20C41F083E9A001B55DA /* SharkTankApp */;
			targetProxy = 40EC20E51F083E9A001B55DA /* PBXContainerItemProxy */;
		};
/* End PBXTargetDependency section */

/* Begin PBXVariantGroup section */
		40EC20CC1F083E9A001B55DA /* Main.storyboard */ = {
			isa = PBXVariantGroup;
			children = (
				40EC20CD1F083E9A001B55DA /* Base */,
			);
			name = Main.storyboard;
			sourceTree = "<group>";
		};
		40EC20D11F083E9A001B55DA /* LaunchScreen.storyboard */ = {
			isa = PBXVariantGroup;
			children = (
				40EC20D21F083E9A001B55DA /* Base */,
			);
			name = LaunchScreen.storyboard;
			sourceTree = "<group>";
		};
/* End PBXVariantGroup section */

/* Begin XCBuildConfiguration section */
		40EC20EB1F083E9A001B55DA /* Debug */ = {
			isa = XCBuildConfiguration;
			buildSettings = {
				ALWAYS_SEARCH_USER_PATHS = NO;
				CLANG_ANALYZER_NONNULL = YES;
				CLANG_ANALYZER_NUMBER_OBJECT_CONVERSION = YES_AGGRESSIVE;
				CLANG_CXX_LANGUAGE_STANDARD = "gnu++0x";
				CLANG_CXX_LIBRARY = "libc++";
				CLANG_ENABLE_MODULES = YES;
				CLANG_ENABLE_OBJC_ARC = YES;
				CLANG_WARN_BOOL_CONVERSION = YES;
				CLANG_WARN_CONSTANT_CONVERSION = YES;
				CLANG_WARN_DIRECT_OBJC_ISA_USAGE = YES_ERROR;
				CLANG_WARN_DOCUMENTATION_COMMENTS = YES;
				CLANG_WARN_EMPTY_BODY = YES;
				CLANG_WARN_ENUM_CONVERSION = YES;
				CLANG_WARN_INFINITE_RECURSION = YES;
				CLANG_WARN_INT_CONVERSION = YES;
				CLANG_WARN_OBJC_ROOT_CLASS = YES_ERROR;
				CLANG_WARN_SUSPICIOUS_MOVE = YES;
				CLANG_WARN_UNREACHABLE_CODE = YES;
				CLANG_WARN__DUPLICATE_METHOD_MATCH = YES;
				"CODE_SIGN_IDENTITY[sdk=iphoneos*]" = "iPhone Developer";
				COPY_PHASE_STRIP = NO;
				DEBUG_INFORMATION_FORMAT = dwarf;
				ENABLE_STRICT_OBJC_MSGSEND = YES;
				ENABLE_TESTABILITY = YES;
				GCC_C_LANGUAGE_STANDARD = gnu99;
				GCC_DYNAMIC_NO_PIC = NO;
				GCC_NO_COMMON_BLOCKS = YES;
				GCC_OPTIMIZATION_LEVEL = 0;
				GCC_PREPROCESSOR_DEFINITIONS = (
					"DEBUG=1",
					"$(inherited)",
				);
				GCC_WARN_64_TO_32_BIT_CONVERSION = YES;
				GCC_WARN_ABOUT_RETURN_TYPE = YES_ERROR;
				GCC_WARN_UNDECLARED_SELECTOR = YES;
				GCC_WARN_UNINITIALIZED_AUTOS = YES_AGGRESSIVE;
				GCC_WARN_UNUSED_FUNCTION = YES;
				GCC_WARN_UNUSED_VARIABLE = YES;
				IPHONEOS_DEPLOYMENT_TARGET = 10.3;
				MTL_ENABLE_DEBUG_INFO = YES;
				ONLY_ACTIVE_ARCH = YES;
				SDKROOT = iphoneos;
				SWIFT_ACTIVE_COMPILATION_CONDITIONS = DEBUG;
				SWIFT_OPTIMIZATION_LEVEL = "-Onone";
				TARGETED_DEVICE_FAMILY = "1,2";
			};
			name = Debug;
		};
		40EC20EC1F083E9A001B55DA /* Release */ = {
			isa = XCBuildConfiguration;
			buildSettings = {
				ALWAYS_SEARCH_USER_PATHS = NO;
				CLANG_ANALYZER_NONNULL = YES;
				CLANG_ANALYZER_NUMBER_OBJECT_CONVERSION = YES_AGGRESSIVE;
				CLANG_CXX_LANGUAGE_STANDARD = "gnu++0x";
				CLANG_CXX_LIBRARY = "libc++";
				CLANG_ENABLE_MODULES = YES;
				CLANG_ENABLE_OBJC_ARC = YES;
				CLANG_WARN_BOOL_CONVERSION = YES;
				CLANG_WARN_CONSTANT_CONVERSION = YES;
				CLANG_WARN_DIRECT_OBJC_ISA_USAGE = YES_ERROR;
				CLANG_WARN_DOCUMENTATION_COMMENTS = YES;
				CLANG_WARN_EMPTY_BODY = YES;
				CLANG_WARN_ENUM_CONVERSION = YES;
				CLANG_WARN_INFINITE_RECURSION = YES;
				CLANG_WARN_INT_CONVERSION = YES;
				CLANG_WARN_OBJC_ROOT_CLASS = YES_ERROR;
				CLANG_WARN_SUSPICIOUS_MOVE = YES;
				CLANG_WARN_UNREACHABLE_CODE = YES;
				CLANG_WARN__DUPLICATE_METHOD_MATCH = YES;
				"CODE_SIGN_IDENTITY[sdk=iphoneos*]" = "iPhone Developer";
				COPY_PHASE_STRIP = NO;
				DEBUG_INFORMATION_FORMAT = "dwarf-with-dsym";
				ENABLE_NS_ASSERTIONS = NO;
				ENABLE_STRICT_OBJC_MSGSEND = YES;
				GCC_C_LANGUAGE_STANDARD = gnu99;
				GCC_NO_COMMON_BLOCKS = YES;
				GCC_WARN_64_TO_32_BIT_CONVERSION = YES;
				GCC_WARN_ABOUT_RETURN_TYPE = YES_ERROR;
				GCC_WARN_UNDECLARED_SELECTOR = YES;
				GCC_WARN_UNINITIALIZED_AUTOS = YES_AGGRESSIVE;
				GCC_WARN_UNUSED_FUNCTION = YES;
				GCC_WARN_UNUSED_VARIABLE = YES;
				IPHONEOS_DEPLOYMENT_TARGET = 10.3;
				MTL_ENABLE_DEBUG_INFO = NO;
				SDKROOT = iphoneos;
				SWIFT_OPTIMIZATION_LEVEL = "-Owholemodule";
				TARGETED_DEVICE_FAMILY = "1,2";
				VALIDATE_PRODUCT = YES;
			};
			name = Release;
		};
		40EC20EE1F083E9A001B55DA /* Debug */ = {
			isa = XCBuildConfiguration;
			buildSettings = {
				ASSETCATALOG_COMPILER_APPICON_NAME = AppIcon;
				DEVELOPMENT_TEAM = V4Y5L9JJ7W;
				INFOPLIST_FILE = SharkTankApp/Info.plist;
				LD_RUNPATH_SEARCH_PATHS = "$(inherited) @executable_path/Frameworks";
				PRODUCT_BUNDLE_IDENTIFIER = com.rousetekapps.SharkTankApp;
				PRODUCT_NAME = "$(TARGET_NAME)";
				SWIFT_VERSION = 3.0;
			};
			name = Debug;
		};
		40EC20EF1F083E9A001B55DA /* Release */ = {
			isa = XCBuildConfiguration;
			buildSettings = {
				ASSETCATALOG_COMPILER_APPICON_NAME = AppIcon;
				DEVELOPMENT_TEAM = V4Y5L9JJ7W;
				INFOPLIST_FILE = SharkTankApp/Info.plist;
				LD_RUNPATH_SEARCH_PATHS = "$(inherited) @executable_path/Frameworks";
				PRODUCT_BUNDLE_IDENTIFIER = com.rousetekapps.SharkTankApp;
				PRODUCT_NAME = "$(TARGET_NAME)";
				SWIFT_VERSION = 3.0;
			};
			name = Release;
		};
		40EC20F11F083E9A001B55DA /* Debug */ = {
			isa = XCBuildConfiguration;
			buildSettings = {
				ALWAYS_EMBED_SWIFT_STANDARD_LIBRARIES = YES;
				BUNDLE_LOADER = "$(TEST_HOST)";
				INFOPLIST_FILE = SharkTankAppTests/Info.plist;
				LD_RUNPATH_SEARCH_PATHS = "$(inherited) @executable_path/Frameworks @loader_path/Frameworks";
				PRODUCT_BUNDLE_IDENTIFIER = com.rousetekapps.SharkTankAppTests;
				PRODUCT_NAME = "$(TARGET_NAME)";
				SWIFT_VERSION = 3.0;
				TEST_HOST = "$(BUILT_PRODUCTS_DIR)/SharkTankApp.app/SharkTankApp";
			};
			name = Debug;
		};
		40EC20F21F083E9A001B55DA /* Release */ = {
			isa = XCBuildConfiguration;
			buildSettings = {
				ALWAYS_EMBED_SWIFT_STANDARD_LIBRARIES = YES;
				BUNDLE_LOADER = "$(TEST_HOST)";
				INFOPLIST_FILE = SharkTankAppTests/Info.plist;
				LD_RUNPATH_SEARCH_PATHS = "$(inherited) @executable_path/Frameworks @loader_path/Frameworks";
				PRODUCT_BUNDLE_IDENTIFIER = com.rousetekapps.SharkTankAppTests;
				PRODUCT_NAME = "$(TARGET_NAME)";
				SWIFT_VERSION = 3.0;
				TEST_HOST = "$(BUILT_PRODUCTS_DIR)/SharkTankApp.app/SharkTankApp";
			};
			name = Release;
		};
		40EC20F41F083E9A001B55DA /* Debug */ = {
			isa = XCBuildConfiguration;
			buildSettings = {
				ALWAYS_EMBED_SWIFT_STANDARD_LIBRARIES = YES;
				INFOPLIST_FILE = SharkTankAppUITests/Info.plist;
				LD_RUNPATH_SEARCH_PATHS = "$(inherited) @executable_path/Frameworks @loader_path/Frameworks";
				PRODUCT_BUNDLE_IDENTIFIER = com.rousetekapps.SharkTankAppUITests;
				PRODUCT_NAME = "$(TARGET_NAME)";
				SWIFT_VERSION = 3.0;
				TEST_TARGET_NAME = SharkTankApp;
			};
			name = Debug;
		};
		40EC20F51F083E9A001B55DA /* Release */ = {
			isa = XCBuildConfiguration;
			buildSettings = {
				ALWAYS_EMBED_SWIFT_STANDARD_LIBRARIES = YES;
				INFOPLIST_FILE = SharkTankAppUITests/Info.plist;
				LD_RUNPATH_SEARCH_PATHS = "$(inherited) @executable_path/Frameworks @loader_path/Frameworks";
				PRODUCT_BUNDLE_IDENTIFIER = com.rousetekapps.SharkTankAppUITests;
				PRODUCT_NAME = "$(TARGET_NAME)";
				SWIFT_VERSION = 3.0;
				TEST_TARGET_NAME = SharkTankApp;
			};
			name = Release;
		};
/* End XCBuildConfiguration section */

/* Begin XCConfigurationList section */
		40EC20C01F083E9A001B55DA /* Build configuration list for PBXProject "SharkTankApp" */ = {
			isa = XCConfigurationList;
			buildConfigurations = (
				40EC20EB1F083E9A001B55DA /* Debug */,
				40EC20EC1F083E9A001B55DA /* Release */,
			);
			defaultConfigurationIsVisible = 0;
			defaultConfigurationName = Release;
		};
		40EC20ED1F083E9A001B55DA /* Build configuration list for PBXNativeTarget "SharkTankApp" */ = {
			isa = XCConfigurationList;
			buildConfigurations = (
				40EC20EE1F083E9A001B55DA /* Debug */,
				40EC20EF1F083E9A001B55DA /* Release */,
			);
			defaultConfigurationIsVisible = 0;
		};
		40EC20F01F083E9A001B55DA /* Build configuration list for PBXNativeTarget "SharkTankAppTests" */ = {
			isa = XCConfigurationList;
			buildConfigurations = (
				40EC20F11F083E9A001B55DA /* Debug */,
				40EC20F21F083E9A001B55DA /* Release */,
			);
			defaultConfigurationIsVisible = 0;
		};
		40EC20F31F083E9A001B55DA /* Build configuration list for PBXNativeTarget "SharkTankAppUITests" */ = {
			isa = XCConfigurationList;
			buildConfigurations = (
				40EC20F41F083E9A001B55DA /* Debug */,
				40EC20F51F083E9A001B55DA /* Release */,
			);
			defaultConfigurationIsVisible = 0;
		};
/* End XCConfigurationList section */
	};
	rootObject = 40EC20BD1F083E9A001B55DA /* Project object */;
}
